
Microsoft Visual Studio Solution File, Format Version 12.00
# Visual Studio Version 17
VisualStudioVersion = 17.6.33815.320
MinimumVisualStudioVersion = 10.0.40219.1
Project("{FAE04EC0-301F-11D3-BF4B-00C04F79EFBC}") = "CQRS.API", "CQRS.API\CQRS.API.csproj", "{3D49B91E-DE21-488D-9A9E-2D775B61BE2A}"
EndProject
Project("{2150E333-8FDC-42A3-9474-1A3956D46DE8}") = "src", "src", "{0AABF702-3B2C-4F62-AE47-22B3342F1860}"
EndProject
Project("{FAE04EC0-301F-11D3-BF4B-00C04F79EFBC}") = "CQRS.API.Core", "CQRS.API.Core\CQRS.API.Core.csproj", "{8B077CA6-F383-49BF-AD54-369505F5C4C7}"
EndProject
Project("{2150E333-8FDC-42A3-9474-1A3956D46DE8}") = "CQRS.API.Infrastructure", "CQRS.API.Infrastructure", "{0ED1D068-F5D9-49EF-BE73-7ED17A078841}"
EndProject
Project("{FAE04EC0-301F-11D3-BF4B-00C04F79EFBC}") = "CQRS.API.Infrastructure.Input", "CQRS.API.Infrastructure.Input\CQRS.API.Infrastructure.Input.csproj", "{6A2B3BB8-2CB8-4D9F-82D6-A4D4D1E5A479}"
EndProject
Project("{FAE04EC0-301F-11D3-BF4B-00C04F79EFBC}") = "CQRS.API.Infrastructure.Output", "CQRS.API.Infrastructure.Output\CQRS.API.Infrastructure.Output.csproj", "{21F209D5-0C19-44C5-9B93-1C30B0BCBE53}"
EndProject
Project("{FAE04EC0-301F-11D3-BF4B-00C04F79EFBC}") = "CQRS.API.Infrastructure.Shared", "CQRS.API.Infrastructure.Shared\CQRS.API.Infrastructure.Shared.csproj", "{3BEFA75D-4BA0-43DB-A585-DE6B00793D68}"
EndProject
Project("{2150E333-8FDC-42A3-9474-1A3956D46DE8}") = "CQRS.API.Application", "CQRS.API.Application", "{D98DD814-6177-45EF-9D1E-F6B5C65ABEDC}"
EndProject
Project("{FAE04EC0-301F-11D3-BF4B-00C04F79EFBC}") = "CQRS.API.Application.Commands", "CQRS.API.Application.Commands\CQRS.API.Application.Commands.csproj", "{7B717DE7-2A21-474F-BEF6-8224F0DBCCAA}"
EndProject
Project("{FAE04EC0-301F-11D3-BF4B-00C04F79EFBC}") = "CQRS.API.Application.Queries", "CQRS.API.Application.Queries\CQRS.API.Application.Queries.csproj", "{3C7CF13F-2632-4B4C-B734-8FF5744D1CB4}"
EndProject
Project("{FAE04EC0-301F-11D3-BF4B-00C04F79EFBC}") = "CQRS.API.Tests", "CQRS.API.Tests\CQRS.API.Tests.csproj", "{3A919409-DB52-45C1-978F-81D68324579F}"
EndProject
Global
	GlobalSection(SolutionConfigurationPlatforms) = preSolution
		Debug|Any CPU = Debug|Any CPU
		Release|Any CPU = Release|Any CPU
	EndGlobalSection
	GlobalSection(ProjectConfigurationPlatforms) = postSolution
		{3D49B91E-DE21-488D-9A9E-2D775B61BE2A}.Debug|Any CPU.ActiveCfg = Debug|Any CPU
		{3D49B91E-DE21-488D-9A9E-2D775B61BE2A}.Debug|Any CPU.Build.0 = Debug|Any CPU
		{3D49B91E-DE21-488D-9A9E-2D775B61BE2A}.Release|Any CPU.ActiveCfg = Release|Any CPU
		{3D49B91E-DE21-488D-9A9E-2D775B61BE2A}.Release|Any CPU.Build.0 = Release|Any CPU
		{8B077CA6-F383-49BF-AD54-369505F5C4C7}.Debug|Any CPU.ActiveCfg = Debug|Any CPU
		{8B077CA6-F383-49BF-AD54-369505F5C4C7}.Debug|Any CPU.Build.0 = Debug|Any CPU
		{8B077CA6-F383-49BF-AD54-369505F5C4C7}.Release|Any CPU.ActiveCfg = Release|Any CPU
		{8B077CA6-F383-49BF-AD54-369505F5C4C7}.Release|Any CPU.Build.0 = Release|Any CPU
		{6A2B3BB8-2CB8-4D9F-82D6-A4D4D1E5A479}.Debug|Any CPU.ActiveCfg = Debug|Any CPU
		{6A2B3BB8-2CB8-4D9F-82D6-A4D4D1E5A479}.Debug|Any CPU.Build.0 = Debug|Any CPU
		{6A2B3BB8-2CB8-4D9F-82D6-A4D4D1E5A479}.Release|Any CPU.ActiveCfg = Release|Any CPU
		{6A2B3BB8-2CB8-4D9F-82D6-A4D4D1E5A479}.Release|Any CPU.Build.0 = Release|Any CPU
		{21F209D5-0C19-44C5-9B93-1C30B0BCBE53}.Debug|Any CPU.ActiveCfg = Debug|Any CPU
		{21F209D5-0C19-44C5-9B93-1C30B0BCBE53}.Debug|Any CPU.Build.0 = Debug|Any CPU
		{21F209D5-0C19-44C5-9B93-1C30B0BCBE53}.Release|Any CPU.ActiveCfg = Release|Any CPU
		{21F209D5-0C19-44C5-9B93-1C30B0BCBE53}.Release|Any CPU.Build.0 = Release|Any CPU
		{3BEFA75D-4BA0-43DB-A585-DE6B00793D68}.Debug|Any CPU.ActiveCfg = Debug|Any CPU
		{3BEFA75D-4BA0-43DB-A585-DE6B00793D68}.Debug|Any CPU.Build.0 = Debug|Any CPU
		{3BEFA75D-4BA0-43DB-A585-DE6B00793D68}.Release|Any CPU.ActiveCfg = Release|Any CPU
		{3BEFA75D-4BA0-43DB-A585-DE6B00793D68}.Release|Any CPU.Build.0 = Release|Any CPU
		{7B717DE7-2A21-474F-BEF6-8224F0DBCCAA}.Debug|Any CPU.ActiveCfg = Debug|Any CPU
		{7B717DE7-2A21-474F-BEF6-8224F0DBCCAA}.Debug|Any CPU.Build.0 = Debug|Any CPU
		{7B717DE7-2A21-474F-BEF6-8224F0DBCCAA}.Release|Any CPU.ActiveCfg = Release|Any CPU
		{7B717DE7-2A21-474F-BEF6-8224F0DBCCAA}.Release|Any CPU.Build.0 = Release|Any CPU
		{3C7CF13F-2632-4B4C-B734-8FF5744D1CB4}.Debug|Any CPU.ActiveCfg = Debug|Any CPU
		{3C7CF13F-2632-4B4C-B734-8FF5744D1CB4}.Debug|Any CPU.Build.0 = Debug|Any CPU
		{3C7CF13F-2632-4B4C-B734-8FF5744D1CB4}.Release|Any CPU.ActiveCfg = Release|Any CPU
		{3C7CF13F-2632-4B4C-B734-8FF5744D1CB4}.Release|Any CPU.Build.0 = Release|Any CPU
		{3A919409-DB52-45C1-978F-81D68324579F}.Debug|Any CPU.ActiveCfg = Debug|Any CPU
		{3A919409-DB52-45C1-978F-81D68324579F}.Debug|Any CPU.Build.0 = Debug|Any CPU
		{3A919409-DB52-45C1-978F-81D68324579F}.Release|Any CPU.ActiveCfg = Release|Any CPU
		{3A919409-DB52-45C1-978F-81D68324579F}.Release|Any CPU.Build.0 = Release|Any CPU
	EndGlobalSection
	GlobalSection(SolutionProperties) = preSolution
		HideSolutionNode = FALSE
	EndGlobalSection
	GlobalSection(NestedProjects) = preSolution
		{3D49B91E-DE21-488D-9A9E-2D775B61BE2A} = {0AABF702-3B2C-4F62-AE47-22B3342F1860}
		{8B077CA6-F383-49BF-AD54-369505F5C4C7} = {0AABF702-3B2C-4F62-AE47-22B3342F1860}
		{0ED1D068-F5D9-49EF-BE73-7ED17A078841} = {0AABF702-3B2C-4F62-AE47-22B3342F1860}
		{6A2B3BB8-2CB8-4D9F-82D6-A4D4D1E5A479} = {0ED1D068-F5D9-49EF-BE73-7ED17A078841}
		{21F209D5-0C19-44C5-9B93-1C30B0BCBE53} = {0ED1D068-F5D9-49EF-BE73-7ED17A078841}
		{3BEFA75D-4BA0-43DB-A585-DE6B00793D68} = {0ED1D068-F5D9-49EF-BE73-7ED17A078841}
		{D98DD814-6177-45EF-9D1E-F6B5C65ABEDC} = {0AABF702-3B2C-4F62-AE47-22B3342F1860}
		{7B717DE7-2A21-474F-BEF6-8224F0DBCCAA} = {D98DD814-6177-45EF-9D1E-F6B5C65ABEDC}
		{3C7CF13F-2632-4B4C-B734-8FF5744D1CB4} = {D98DD814-6177-45EF-9D1E-F6B5C65ABEDC}
		{3A919409-DB52-45C1-978F-81D68324579F} = {0AABF702-3B2C-4F62-AE47-22B3342F1860}
	EndGlobalSection
	GlobalSection(ExtensibilityGlobals) = postSolution
		SolutionGuid = {806DEC3D-C5AC-464D-B900-46C7E5F341D4}
	EndGlobalSection
EndGlobal
